
Microsoft Visual Studio Solution File, Format Version 12.00
# Visual Studio Version 17
VisualStudioVersion = 17.0.31903.59
MinimumVisualStudioVersion = 10.0.40219.1
Project("{2150E333-8FDC-42A3-9474-1A3956D46DE8}") = "External", "External", "{6E975495-F033-4C8B-8CB1-B5E855EBAFD6}"
EndProject
Project("{FAE04EC0-301F-11D3-BF4B-00C04F79EFBC}") = "Silo2", "Silo2\Silo2.csproj", "{97FC0BE7-7857-41CC-9200-26A7C08F3EDE}"
EndProject
Project("{FAE04EC0-301F-11D3-BF4B-00C04F79EFBC}") = "Silo1.Abstractions", "..\Silo1\Silo1.Abstractions\Silo1.Abstractions.csproj", "{AC7DD3C2-F204-4638-BA9E-2621D69F2F66}"
EndProject
Project("{FAE04EC0-301F-11D3-BF4B-00C04F79EFBC}") = "Silo2.Abstractions", "Silo2.Abstractions\Silo2.Abstractions.csproj", "{2291C548-C713-4844-927B-CBEB8F7831DA}"
EndProject
Global
	GlobalSection(SolutionConfigurationPlatforms) = preSolution
		Debug|Any CPU = Debug|Any CPU
		Release|Any CPU = Release|Any CPU
	EndGlobalSection
	GlobalSection(SolutionProperties) = preSolution
		HideSolutionNode = FALSE
	EndGlobalSection
	GlobalSection(NestedProjects) = preSolution
		{AC7DD3C2-F204-4638-BA9E-2621D69F2F66} = {6E975495-F033-4C8B-8CB1-B5E855EBAFD6}
	EndGlobalSection
	GlobalSection(ProjectConfigurationPlatforms) = postSolution
		{97FC0BE7-7857-41CC-9200-26A7C08F3EDE}.Debug|Any CPU.ActiveCfg = Debug|Any CPU
		{97FC0BE7-7857-41CC-9200-26A7C08F3EDE}.Debug|Any CPU.Build.0 = Debug|Any CPU
		{97FC0BE7-7857-41CC-9200-26A7C08F3EDE}.Release|Any CPU.ActiveCfg = Release|Any CPU
		{97FC0BE7-7857-41CC-9200-26A7C08F3EDE}.Release|Any CPU.Build.0 = Release|Any CPU
		{AC7DD3C2-F204-4638-BA9E-2621D69F2F66}.Debug|Any CPU.ActiveCfg = Debug|Any CPU
		{AC7DD3C2-F204-4638-BA9E-2621D69F2F66}.Debug|Any CPU.Build.0 = Debug|Any CPU
		{AC7DD3C2-F204-4638-BA9E-2621D69F2F66}.Release|Any CPU.ActiveCfg = Release|Any CPU
		{AC7DD3C2-F204-4638-BA9E-2621D69F2F66}.Release|Any CPU.Build.0 = Release|Any CPU
		{2291C548-C713-4844-927B-CBEB8F7831DA}.Debug|Any CPU.ActiveCfg = Debug|Any CPU
		{2291C548-C713-4844-927B-CBEB8F7831DA}.Debug|Any CPU.Build.0 = Debug|Any CPU
		{2291C548-C713-4844-927B-CBEB8F7831DA}.Release|Any CPU.ActiveCfg = Release|Any CPU
		{2291C548-C713-4844-927B-CBEB8F7831DA}.Release|Any CPU.Build.0 = Release|Any CPU
	EndGlobalSection
EndGlobal
