
Microsoft Visual Studio Solution File, Format Version 12.00
# Visual Studio Version 17
VisualStudioVersion = 17.0.31903.59
MinimumVisualStudioVersion = 10.0.40219.1
Project("{2150E333-8FDC-42A3-9474-1A3956D46DE8}") = "External", "External", "{6E975495-F033-4C8B-8CB1-B5E855EBAFD6}"
EndProject
Project("{FAE04EC0-301F-11D3-BF4B-00C04F79EFBC}") = "Abstractions", "..\Silo1\Abstractions\Abstractions.csproj", "{CBA08224-D679-431E-BFD0-D039A3B30255}"
EndProject
Project("{FAE04EC0-301F-11D3-BF4B-00C04F79EFBC}") = "Silo2", "Silo2\Silo2.csproj", "{97FC0BE7-7857-41CC-9200-26A7C08F3EDE}"
EndProject
Global
	GlobalSection(SolutionConfigurationPlatforms) = preSolution
		Debug|Any CPU = Debug|Any CPU
		Release|Any CPU = Release|Any CPU
	EndGlobalSection
	GlobalSection(SolutionProperties) = preSolution
		HideSolutionNode = FALSE
	EndGlobalSection
	GlobalSection(NestedProjects) = preSolution
		{CBA08224-D679-431E-BFD0-D039A3B30255} = {6E975495-F033-4C8B-8CB1-B5E855EBAFD6}
	EndGlobalSection
	GlobalSection(ProjectConfigurationPlatforms) = postSolution
		{CBA08224-D679-431E-BFD0-D039A3B30255}.Debug|Any CPU.ActiveCfg = Debug|Any CPU
		{CBA08224-D679-431E-BFD0-D039A3B30255}.Debug|Any CPU.Build.0 = Debug|Any CPU
		{CBA08224-D679-431E-BFD0-D039A3B30255}.Release|Any CPU.ActiveCfg = Release|Any CPU
		{CBA08224-D679-431E-BFD0-D039A3B30255}.Release|Any CPU.Build.0 = Release|Any CPU
		{97FC0BE7-7857-41CC-9200-26A7C08F3EDE}.Debug|Any CPU.ActiveCfg = Debug|Any CPU
		{97FC0BE7-7857-41CC-9200-26A7C08F3EDE}.Debug|Any CPU.Build.0 = Debug|Any CPU
		{97FC0BE7-7857-41CC-9200-26A7C08F3EDE}.Release|Any CPU.ActiveCfg = Release|Any CPU
		{97FC0BE7-7857-41CC-9200-26A7C08F3EDE}.Release|Any CPU.Build.0 = Release|Any CPU
	EndGlobalSection
EndGlobal
